
Microsoft Visual Studio Solution File, Format Version 12.00
# Visual Studio Version 17
VisualStudioVersion = 17.0.31903.59
MinimumVisualStudioVersion = 10.0.40219.1
Project("{FAE04EC0-301F-11D3-BF4B-00C04F79EFBC}") = "wpfAppSnakeGame", "wpfAppSnakeGame\wpfAppSnakeGame.csproj", "{F3F9F037-5C12-4C15-9BBA-5F1676B60915}"
EndProject
Global
	GlobalSection(SolutionConfigurationPlatforms) = preSolution
		Debug|Any CPU = Debug|Any CPU
		Release|Any CPU = Release|Any CPU
	EndGlobalSection
	GlobalSection(ProjectConfigurationPlatforms) = postSolution
		{F3F9F037-5C12-4C15-9BBA-5F1676B60915}.Debug|Any CPU.ActiveCfg = Debug|Any CPU
		{F3F9F037-5C12-4C15-9BBA-5F1676B60915}.Debug|Any CPU.Build.0 = Debug|Any CPU
		{F3F9F037-5C12-4C15-9BBA-5F1676B60915}.Release|Any CPU.ActiveCfg = Release|Any CPU
		{F3F9F037-5C12-4C15-9BBA-5F1676B60915}.Release|Any CPU.Build.0 = Release|Any CPU
	EndGlobalSection
	GlobalSection(SolutionProperties) = preSolution
		HideSolutionNode = FALSE
	EndGlobalSection
	GlobalSection(ExtensibilityGlobals) = postSolution
		SolutionGuid = {53B842EA-5B73-41EC-993A-39D576B20390}
	EndGlobalSection
EndGlobal
